
Microsoft Visual Studio Solution File, Format Version 12.00
# Visual Studio Version 16
VisualStudioVersion = 16.0.31624.102
MinimumVisualStudioVersion = 10.0.40219.1
Project("{FAE04EC0-301F-11D3-BF4B-00C04F79EFBC}") = "WebTradeApi", "WebTradeApi\WebTradeApi.csproj", "{3A61124B-767C-4C5C-8A0E-D913A99225A8}"
EndProject
Project("{FAE04EC0-301F-11D3-BF4B-00C04F79EFBC}") = "WebTrade.Core", "WebTrade.Code\WebTrade.Core.csproj", "{D6B8BBF4-17E2-466B-BBB5-5684472EDE4C}"
EndProject
Project("{FAE04EC0-301F-11D3-BF4B-00C04F79EFBC}") = "WebTrade.Infrastructure", "WebTrade.Infrastructure\WebTrade.Infrastructure.csproj", "{A4D43215-1745-40A5-A23F-1C1F33ED307C}"
EndProject
Project("{FAE04EC0-301F-11D3-BF4B-00C04F79EFBC}") = "WebTrade.Services", "WebTrade.Services\WebTrade.Services.csproj", "{0D5E8370-FFEA-4764-835E-5C54C0BC2597}"
EndProject
Global
	GlobalSection(SolutionConfigurationPlatforms) = preSolution
		Debug|Any CPU = Debug|Any CPU
		Release|Any CPU = Release|Any CPU
	EndGlobalSection
	GlobalSection(ProjectConfigurationPlatforms) = postSolution
		{3A61124B-767C-4C5C-8A0E-D913A99225A8}.Debug|Any CPU.ActiveCfg = Debug|Any CPU
		{3A61124B-767C-4C5C-8A0E-D913A99225A8}.Debug|Any CPU.Build.0 = Debug|Any CPU
		{3A61124B-767C-4C5C-8A0E-D913A99225A8}.Release|Any CPU.ActiveCfg = Release|Any CPU
		{3A61124B-767C-4C5C-8A0E-D913A99225A8}.Release|Any CPU.Build.0 = Release|Any CPU
		{D6B8BBF4-17E2-466B-BBB5-5684472EDE4C}.Debug|Any CPU.ActiveCfg = Debug|Any CPU
		{D6B8BBF4-17E2-466B-BBB5-5684472EDE4C}.Debug|Any CPU.Build.0 = Debug|Any CPU
		{D6B8BBF4-17E2-466B-BBB5-5684472EDE4C}.Release|Any CPU.ActiveCfg = Release|Any CPU
		{D6B8BBF4-17E2-466B-BBB5-5684472EDE4C}.Release|Any CPU.Build.0 = Release|Any CPU
		{A4D43215-1745-40A5-A23F-1C1F33ED307C}.Debug|Any CPU.ActiveCfg = Debug|Any CPU
		{A4D43215-1745-40A5-A23F-1C1F33ED307C}.Debug|Any CPU.Build.0 = Debug|Any CPU
		{A4D43215-1745-40A5-A23F-1C1F33ED307C}.Release|Any CPU.ActiveCfg = Release|Any CPU
		{A4D43215-1745-40A5-A23F-1C1F33ED307C}.Release|Any CPU.Build.0 = Release|Any CPU
		{0D5E8370-FFEA-4764-835E-5C54C0BC2597}.Debug|Any CPU.ActiveCfg = Debug|Any CPU
		{0D5E8370-FFEA-4764-835E-5C54C0BC2597}.Debug|Any CPU.Build.0 = Debug|Any CPU
		{0D5E8370-FFEA-4764-835E-5C54C0BC2597}.Release|Any CPU.ActiveCfg = Release|Any CPU
		{0D5E8370-FFEA-4764-835E-5C54C0BC2597}.Release|Any CPU.Build.0 = Release|Any CPU
	EndGlobalSection
	GlobalSection(SolutionProperties) = preSolution
		HideSolutionNode = FALSE
	EndGlobalSection
	GlobalSection(ExtensibilityGlobals) = postSolution
		SolutionGuid = {2B7942AE-1D9D-4330-A8CF-35D6DC8F715C}
	EndGlobalSection
EndGlobal
